{
    "name": "bitmap-to-pixel-font-converter",
    "version": "0.1.0",
    "lockfileVersion": 1,
    "requires": true,
    "dependencies": {
        "@types/color-name": {
            "version": "1.1.1",
            "resolved": "https://registry.npm.taobao.org/@types/color-name/download/@types/color-name-1.1.1.tgz?cache=0&sync_timestamp=1588200011932&other_urls=https%3A%2F%2Fregistry.npm.taobao.org%2F%40types%2Fcolor-name%2Fdownload%2F%40types%2Fcolor-name-1.1.1.tgz",
            "integrity": "sha1-HBJhu+qhCoBVu8XYq4S3sq/IRqA="
        },
        "ansi-regex": {
            "version": "5.0.0",
            "resolved": "https://registry.npm.taobao.org/ansi-regex/download/ansi-regex-5.0.0.tgz",
            "integrity": "sha1-OIU59VF5vzkznIGvMKZU1p+Hy3U="
        },
        "ansi-styles": {
            "version": "4.2.1",
            "resolved": "https://registry.npm.taobao.org/ansi-styles/download/ansi-styles-4.2.1.tgz",
            "integrity": "sha1-kK51xCTQCNJiTFvynq0xd+v881k=",
            "requires": {
                "@types/color-name": "^1.1.1",
                "color-convert": "^2.0.1"
            }
        },
        "binary-parser": {
            "version": "1.6.2",
            "resolved": "https://registry.npm.taobao.org/binary-parser/download/binary-parser-1.6.2.tgz",
            "integrity": "sha1-hBCoL/2UAycewYK9keY6Cc7ojL4="
        },
        "camelcase": {
            "version": "5.3.1",
            "resolved": "https://registry.npm.taobao.org/camelcase/download/camelcase-5.3.1.tgz",
            "integrity": "sha1-48mzFWnhBoEd8kL3FXJaH0xJQyA="
        },
        "cliui": {
            "version": "6.0.0",
            "resolved": "https://registry.npm.taobao.org/cliui/download/cliui-6.0.0.tgz?cache=0&sync_timestamp=1573943292170&other_urls=https%3A%2F%2Fregistry.npm.taobao.org%2Fcliui%2Fdownload%2Fcliui-6.0.0.tgz",
            "integrity": "sha1-UR1wLAxOQcoVbX0OlgIfI+EyJbE=",
            "requires": {
                "string-width": "^4.2.0",
                "strip-ansi": "^6.0.0",
                "wrap-ansi": "^6.2.0"
            }
        },
        "color-convert": {
            "version": "2.0.1",
            "resolved": "https://registry.npm.taobao.org/color-convert/download/color-convert-2.0.1.tgz",
            "integrity": "sha1-ctOmjVmMm9s68q0ehPIdiWq9TeM=",
            "requires": {
                "color-name": "~1.1.4"
            }
        },
        "color-name": {
            "version": "1.1.4",
            "resolved": "https://registry.npm.taobao.org/color-name/download/color-name-1.1.4.tgz",
            "integrity": "sha1-wqCah6y95pVD3m9j+jmVyCbFNqI="
        },
        "decamelize": {
            "version": "1.2.0",
            "resolved": "https://registry.npm.taobao.org/decamelize/download/decamelize-1.2.0.tgz",
            "integrity": "sha1-9lNNFRSCabIDUue+4m9QH5oZEpA="
        },
        "emoji-regex": {
            "version": "8.0.0",
            "resolved": "https://registry.npm.taobao.org/emoji-regex/download/emoji-regex-8.0.0.tgz?cache=0&sync_timestamp=1586511397703&other_urls=https%3A%2F%2Fregistry.npm.taobao.org%2Femoji-regex%2Fdownload%2Femoji-regex-8.0.0.tgz",
            "integrity": "sha1-6Bj9ac5cz8tARZT4QpY79TFkzDc="
        },
        "find-up": {
            "version": "4.1.0",
            "resolved": "https://registry.npm.taobao.org/find-up/download/find-up-4.1.0.tgz",
            "integrity": "sha1-l6/n1s3AvFkoWEt8jXsW6KmqXRk=",
            "requires": {
                "locate-path": "^5.0.0",
                "path-exists": "^4.0.0"
            }
        },
        "get-caller-file": {
            "version": "2.0.5",
            "resolved": "https://registry.npm.taobao.org/get-caller-file/download/get-caller-file-2.0.5.tgz",
            "integrity": "sha1-T5RBKoLbMvNuOwuXQfipf+sDH34="
        },
        "is-fullwidth-code-point": {
            "version": "3.0.0",
            "resolved": "https://registry.npm.taobao.org/is-fullwidth-code-point/download/is-fullwidth-code-point-3.0.0.tgz",
            "integrity": "sha1-8Rb4Bk/pCz94RKOJl8C3UFEmnx0="
        },
        "locate-path": {
            "version": "5.0.0",
            "resolved": "https://registry.npm.taobao.org/locate-path/download/locate-path-5.0.0.tgz",
            "integrity": "sha1-Gvujlq/WdqbUJQTQpno6frn2KqA=",
            "requires": {
                "p-locate": "^4.1.0"
            }
        },
        "opentype.js": {
            "version": "1.3.3",
            "resolved": "https://registry.npm.taobao.org/opentype.js/download/opentype.js-1.3.3.tgz?cache=0&other_urls=https%3A%2F%2Fregistry.npm.taobao.org%2Fopentype.js%2Fdownload%2Fopentype.js-1.3.3.tgz",
            "integrity": "sha1-ZbhkWwkKGtREBlt4TUQvoZ0QYfY=",
            "requires": {
                "string.prototype.codepointat": "^0.2.1",
                "tiny-inflate": "^1.0.3"
            }
        },
        "p-limit": {
            "version": "2.3.0",
            "resolved": "https://registry.npm.taobao.org/p-limit/download/p-limit-2.3.0.tgz",
            "integrity": "sha1-PdM8ZHohT9//2DWTPrCG2g3CHbE=",
            "requires": {
                "p-try": "^2.0.0"
            }
        },
        "p-locate": {
            "version": "4.1.0",
            "resolved": "https://registry.npm.taobao.org/p-locate/download/p-locate-4.1.0.tgz",
            "integrity": "sha1-o0KLtwiLOmApL2aRkni3wpetTwc=",
            "requires": {
                "p-limit": "^2.2.0"
            }
        },
        "p-try": {
            "version": "2.2.0",
            "resolved": "https://registry.npm.taobao.org/p-try/download/p-try-2.2.0.tgz",
            "integrity": "sha1-yyhoVA4xPWHeWPr741zpAE1VQOY="
        },
        "path-exists": {
            "version": "4.0.0",
            "resolved": "https://registry.npm.taobao.org/path-exists/download/path-exists-4.0.0.tgz",
            "integrity": "sha1-UTvb4tO5XXdi6METfvoZXGxhtbM="
        },
        "require-directory": {
            "version": "2.1.1",
            "resolved": "https://registry.npm.taobao.org/require-directory/download/require-directory-2.1.1.tgz",
            "integrity": "sha1-jGStX9MNqxyXbiNE/+f3kqam30I="
        },
        "require-main-filename": {
            "version": "2.0.0",
            "resolved": "https://registry.npm.taobao.org/require-main-filename/download/require-main-filename-2.0.0.tgz",
            "integrity": "sha1-0LMp7MfMD2Fkn2IhW+aa9UqomJs="
        },
        "set-blocking": {
            "version": "2.0.0",
            "resolved": "https://registry.npm.taobao.org/set-blocking/download/set-blocking-2.0.0.tgz",
            "integrity": "sha1-BF+XgtARrppoA93TgrJDkrPYkPc="
        },
        "string-width": {
            "version": "4.2.0",
            "resolved": "https://registry.npm.taobao.org/string-width/download/string-width-4.2.0.tgz",
            "integrity": "sha1-lSGCxGzHssMT0VluYjmSvRY7crU=",
            "requires": {
                "emoji-regex": "^8.0.0",
                "is-fullwidth-code-point": "^3.0.0",
                "strip-ansi": "^6.0.0"
            }
        },
        "string.prototype.codepointat": {
            "version": "0.2.1",
            "resolved": "https://registry.npm.taobao.org/string.prototype.codepointat/download/string.prototype.codepointat-0.2.1.tgz",
            "integrity": "sha1-AErUTIr8cnUnsQjNRitNlxzUabw="
        },
        "strip-ansi": {
            "version": "6.0.0",
            "resolved": "https://registry.npm.taobao.org/strip-ansi/download/strip-ansi-6.0.0.tgz?cache=0&sync_timestamp=1573280518303&other_urls=https%3A%2F%2Fregistry.npm.taobao.org%2Fstrip-ansi%2Fdownload%2Fstrip-ansi-6.0.0.tgz",
            "integrity": "sha1-CxVx3XZpzNTz4G4U7x7tJiJa5TI=",
            "requires": {
                "ansi-regex": "^5.0.0"
            }
        },
        "tiny-inflate": {
            "version": "1.0.3",
            "resolved": "https://registry.npm.taobao.org/tiny-inflate/download/tiny-inflate-1.0.3.tgz",
            "integrity": "sha1-EicVSUkToYBRZqr3yTRnkz7qJsQ="
        },
        "which-module": {
            "version": "2.0.0",
            "resolved": "https://registry.npm.taobao.org/which-module/download/which-module-2.0.0.tgz",
            "integrity": "sha1-2e8H3Od7mQK4o6j6SzHD4/fm6Ho="
        },
        "wrap-ansi": {
            "version": "6.2.0",
            "resolved": "https://registry.npm.taobao.org/wrap-ansi/download/wrap-ansi-6.2.0.tgz",
            "integrity": "sha1-6Tk7oHEC5skaOyIUePAlfNKFblM=",
            "requires": {
                "ansi-styles": "^4.0.0",
                "string-width": "^4.1.0",
                "strip-ansi": "^6.0.0"
            }
        },
        "y18n": {
            "version": "4.0.0",
            "resolved": "https://registry.npm.taobao.org/y18n/download/y18n-4.0.0.tgz",
            "integrity": "sha1-le+U+F7MgdAHwmThkKEg8KPIVms="
        },
        "yargs": {
            "version": "15.3.1",
            "resolved": "https://registry.npm.taobao.org/yargs/download/yargs-15.3.1.tgz",
            "integrity": "sha1-lQW0cnY5Y+VK/mAUitJ6MwgY6Ys=",
            "requires": {
                "cliui": "^6.0.0",
                "decamelize": "^1.2.0",
                "find-up": "^4.1.0",
                "get-caller-file": "^2.0.1",
                "require-directory": "^2.1.1",
                "require-main-filename": "^2.0.0",
                "set-blocking": "^2.0.0",
                "string-width": "^4.2.0",
                "which-module": "^2.0.0",
                "y18n": "^4.0.0",
                "yargs-parser": "^18.1.1"
            }
        },
        "yargs-parser": {
            "version": "18.1.3",
            "resolved": "https://registry.npm.taobao.org/yargs-parser/download/yargs-parser-18.1.3.tgz",
            "integrity": "sha1-vmjEl1xrKr9GkjawyHA2L6sJp7A=",
            "requires": {
                "camelcase": "^5.0.0",
                "decamelize": "^1.2.0"
            }
        }
    }
}
